---
http_interactions:
- request:
    method: post
    uri: https://api.lockitron.com/v1/locks/a397ef51-7b33-46dd-9a96-53eb1a7ea07f/unlock
    body:
      encoding: US-ASCII
      string: access_token=<OAUTH_TOKEN>
    headers:
      User-Agent:
      - Faraday v0.8.7
      Content-Type:
      - application/x-www-form-urlencoded
      Accept-Encoding:
      - gzip;q=1.0,deflate;q=0.6,identity;q=0.3
      Accept:
      - '*/*'
  response:
    status:
      code: 200
      message: OK
    headers:
      Date:
      - Sun, 23 Jun 2013 22:06:12 GMT
      Server:
      - Apache
      X-Ua-Compatible:
      - IE=Edge,chrome=1
      Etag:
      - '"5b658e78866d68be74b91664f528aa32"'
      Cache-Control:
      - max-age=0, private, must-revalidate
      X-Request-Id:
      - 2a8a7beab9950f53c5102d1ee79e151c
      X-Runtime:
      - '0.349355'
      X-Rack-Cache:
      - invalidate, pass
      Status:
      - '200'
      Strict-Transport-Security:
      - max-age=15768000
      Content-Length:
      - '547'
      Content-Type:
      - application/json; charset=utf-8
    body:
      encoding: UTF-8
      string: '{"activity":{"id":"75f3b8f5-b594-4326-ab6c-34ccddc5346d","lock_name":"Gem
        Test","lock_id":"a397ef51-7b33-46dd-9a96-53eb1a7ea07f","key_id":"cee75f80-c36d-41fc-9bb9-f250fafe2cbc","outcome":false,"human_outcome":"notice","type":4,"human_type":"lock-updated-unlocked","performed_at":1372025172.30165,"user":{"id":"6c121f58-0cc9-11e2-984d-4040401f6100","email":"kurtisnelson@gmail.com","phone":"+14075120689","human_phone":"(407)
        512-0689","first_name":"Kurt","last_name":"Nelson","full_name":"Kurt Nelson","best_name":"Kurt
        Nelson","activated":true}}}'
    http_version: 
  recorded_at: Sun, 23 Jun 2013 22:07:20 GMT
recorded_with: VCR 2.5.0
