---
http_interactions:
- request:
    method: post
    uri: https://api.lockitron.com/v2/locks/a397ef51-7b33-46dd-9a96-53eb1a7ea07f/unlock
    body:
      encoding: UTF-8
      string: access_token=<OAUTH_TOKEN>
    headers:
      User-Agent:
      - Faraday v0.9.1
      Content-Type:
      - application/x-www-form-urlencoded
      Accept-Encoding:
      - gzip;q=1.0,deflate;q=0.6,identity;q=0.3
      Accept:
      - "*/*"
  response:
    status:
      code: 404
      message: Not Found
    headers:
      Content-Type:
      - text/html; charset=utf-8
      Transfer-Encoding:
      - chunked
      Connection:
      - keep-alive
      Status:
      - 404 Not Found
      X-Request-Id:
      - e18e407272db806028b549871301993f
      X-Runtime:
      - '0.003941'
      Date:
      - Wed, 08 Jul 2015 19:12:45 GMT
      X-Rack-Cache:
      - invalidate, pass
      X-Powered-By:
      - Phusion Passenger 4.0.25
      Server:
      - nginx + Phusion Passenger 4.0.25
    body:
      encoding: ASCII-8BIT
      string: "\n<!DOCTYPE html>\n<html>\n\n  <head>\n    <title>Lockitron</title>\n
        \   <meta charset=\"UTF-8\" />\n    <meta content=\"authenticity_token\" name=\"csrf-param\"
        />\n    <link href=\"/assets/dashboard/main.css?body=1\" media=\"screen\"
        rel=\"stylesheet\" type=\"text/css\" />\n    <link href=\"/assets/dashboard/select2.css?body=1\"
        media=\"screen\" rel=\"stylesheet\" type=\"text/css\" />\n          <!-- start
        Mixpanel -->\n        <script type=\"text/javascript\">\n          (function(e,b){if(!b.__SV){var
        a,f,i,g;window.mixpanel=b;a=e.createElement(\"script\");a.type=\"text/javascript\";a.async=!0;a.src=(\"https:\"===e.location.protocol?\"https:\":\"http:\")+'//cdn.mxpnl.com/libs/mixpanel-2.2.min.js';f=e.getElementsByTagName(\"script\")[0];f.parentNode.insertBefore(a,f);b._i=[];b.init=function(a,e,d){function
        f(b,h){var a=h.split(\".\");2==a.length&&(b=b[a[0]],h=a[1]);b[h]=function(){b.push([h].concat(Array.prototype.slice.call(arguments,0)))}}var
        c=b;\"undefined\"!==typeof d?c=b[d]=[]:d=\"mixpanel\";c.people=c.people||[];c.toString=function(b){var
        a=\"mixpanel\";\"mixpanel\"!==d&&(a+=\".\"+d);b||(a+=\" (stub)\");return a};c.people.toString=function(){return
        c.toString(1)+\".people (stub)\"};i=\"disable track track_pageview track_links
        track_forms register register_once alias unregister identify name_tag set_config
        people.set people.set_once people.increment people.append people.track_charge
        people.clear_charges people.delete_user\".split(\" \");for(g=0;g<i.length;g++)f(c,i[g]);b._i.push([a,e,d])};b.__SV=1.2}})(document,window.mixpanel||[]);\n
        \         mixpanel.init(\"3953b24fe21f828e4a0382f29f1b5c7d\");\n          mixpanel.set_config({});\n
        \       </script>\n        <!-- end Mixpanel -->\n</head>\n\n  <body>\n    <header
        id=\"main-header\">\n  <div class=\"contents\">\n      <h1><a target=\"_self\"
        href=\"/\">Lockitron</a></h1>\n      <nav>\n          <ul>\n              <li
        ng-show='user'><a href=\"/dashboard/\">Locks</a></li>\n              <li ng-show='user'><a
        href=\"/dashboard/orders\">Orders</a></li>\n              <li ng-show='user'><a
        target=\"_self\" href=\"/faq\">Help</a></li>\n              <li ng-hide='user'><a
        href='/account/login'>Login</a></li>\n          </ul>\n      </nav>\n\n  </div>\n</header><!--
        /#main-header -->\n    <section id=\"main-body\">\n    <section class=\"content-body
        error\" id=\"not_found\">\n        <div class=\"contents\">\n        \t<h1>Nothing
        to see here</h1>\n        \t<p>You may have mistyped the address or the page
        may have moved. <br>Email us at <a href=\"mailto:support@lockitron.com?subject=I
        found a broken link&body=I found a broken link while I was trying to: _______\">support@lockitron.com</a>
        for some help.</p>\n          <a href=\"http://lockitron.com/\" class=\"leave\">Take
        me home</a>\n        </div>\n    </section>\n</section>\n    <footer id=\"main-footer\">\n
        \ <div class=\"contents\">\n      <a href=\"/\" class=\"logo\">Lockitron</a>\n
        \     <nav>\n          <ul>\n              <li><a href=\"/dashboard\">Locks</a></li>\n
        \             <li><a href=\"/dashboard/account\">Settings</a></li>\n              <li><a
        href=\"/faq\">Faq</a></li>\n              <li><a href=\"/preorder\">Order</a></li>\n
        \             <li><a href=\"/about\">About</a></li>\n              <li><a
        href=\"http://blog.lockitron.com\">Blog</a></li>\n          </ul>\n      </nav>\n
        \ </div>\n</footer><!-- /#main-footer -->\n  </body>\n  \n</html>\n"
    http_version: 
  recorded_at: Wed, 08 Jul 2015 19:12:45 GMT
recorded_with: VCR 2.9.3
